// !$*UTF8*$!
{
	archiveVersion = 1;
	classes = {
	};
	objectVersion = 56;
	objects = {

/* Begin PBXBuildFile section */
		BF99D5E12A671EEE001865E7 /* AfricaApp.swift in Sources */ = {isa = PBXBuildFile; fileRef = BF99D5E02A671EEE001865E7 /* AfricaApp.swift */; };
		BF99D5E32A671EEE001865E7 /* ContentView.swift in Sources */ = {isa = PBXBuildFile; fileRef = BF99D5E22A671EEE001865E7 /* ContentView.swift */; };
		BF99D5E52A671EF0001865E7 /* Assets.xcassets in Resources */ = {isa = PBXBuildFile; fileRef = BF99D5E42A671EF0001865E7 /* Assets.xcassets */; };
		BF99D5E82A671EF0001865E7 /* Preview Assets.xcassets in Resources */ = {isa = PBXBuildFile; fileRef = BF99D5E72A671EF0001865E7 /* Preview Assets.xcassets */; };
		BF99D5F92A6720A3001865E7 /* giraffe.mp4 in Resources */ = {isa = PBXBuildFile; fileRef = BF99D5EF2A6720A3001865E7 /* giraffe.mp4 */; };
		BF99D5FA2A6720A3001865E7 /* gorilla.mp4 in Resources */ = {isa = PBXBuildFile; fileRef = BF99D5F02A6720A3001865E7 /* gorilla.mp4 */; };
		BF99D5FB2A6720A3001865E7 /* lion.mp4 in Resources */ = {isa = PBXBuildFile; fileRef = BF99D5F12A6720A3001865E7 /* lion.mp4 */; };
		BF99D5FC2A6720A3001865E7 /* lioness.mp4 in Resources */ = {isa = PBXBuildFile; fileRef = BF99D5F22A6720A3001865E7 /* lioness.mp4 */; };
		BF99D5FD2A6720A3001865E7 /* rhino.mp4 in Resources */ = {isa = PBXBuildFile; fileRef = BF99D5F32A6720A3001865E7 /* rhino.mp4 */; };
		BF99D5FE2A6720A3001865E7 /* ostrich.mp4 in Resources */ = {isa = PBXBuildFile; fileRef = BF99D5F42A6720A3001865E7 /* ostrich.mp4 */; };
		BF99D5FF2A6720A3001865E7 /* zebra.mp4 in Resources */ = {isa = PBXBuildFile; fileRef = BF99D5F52A6720A3001865E7 /* zebra.mp4 */; };
		BF99D6002A6720A3001865E7 /* hippo.mp4 in Resources */ = {isa = PBXBuildFile; fileRef = BF99D5F62A6720A3001865E7 /* hippo.mp4 */; };
		BF99D6012A6720A3001865E7 /* elephant.mp4 in Resources */ = {isa = PBXBuildFile; fileRef = BF99D5F72A6720A3001865E7 /* elephant.mp4 */; };
		BF99D6022A6720A3001865E7 /* cheetah.mp4 in Resources */ = {isa = PBXBuildFile; fileRef = BF99D5F82A6720A3001865E7 /* cheetah.mp4 */; };
		BF99D6082A6720E9001865E7 /* animals.json in Resources */ = {isa = PBXBuildFile; fileRef = BF99D6042A6720E9001865E7 /* animals.json */; };
		BF99D6092A6720E9001865E7 /* covers.json in Resources */ = {isa = PBXBuildFile; fileRef = BF99D6052A6720E9001865E7 /* covers.json */; };
		BF99D60A2A6720E9001865E7 /* locations.json in Resources */ = {isa = PBXBuildFile; fileRef = BF99D6062A6720E9001865E7 /* locations.json */; };
		BF99D60B2A6720E9001865E7 /* videos.json in Resources */ = {isa = PBXBuildFile; fileRef = BF99D6072A6720E9001865E7 /* videos.json */; };
		BF99D6102A6722C3001865E7 /* VideoListView.swift in Sources */ = {isa = PBXBuildFile; fileRef = BF99D60F2A6722C3001865E7 /* VideoListView.swift */; };
		BF99D6122A6722DB001865E7 /* MapView.swift in Sources */ = {isa = PBXBuildFile; fileRef = BF99D6112A6722DB001865E7 /* MapView.swift */; };
		BF99D6142A6722F4001865E7 /* GalleryView.swift in Sources */ = {isa = PBXBuildFile; fileRef = BF99D6132A6722F4001865E7 /* GalleryView.swift */; };
		BF99D6162A672300001865E7 /* MainView.swift in Sources */ = {isa = PBXBuildFile; fileRef = BF99D6152A672300001865E7 /* MainView.swift */; };
		BF99D6192A672556001865E7 /* CoverImageView.swift in Sources */ = {isa = PBXBuildFile; fileRef = BF99D6182A672556001865E7 /* CoverImageView.swift */; };
		BF99D61C2A6726E8001865E7 /* CoverImageModel.swift in Sources */ = {isa = PBXBuildFile; fileRef = BF99D61B2A6726E8001865E7 /* CoverImageModel.swift */; };
		BF99D61F2A67280A001865E7 /* CodableBundleExtension.swift in Sources */ = {isa = PBXBuildFile; fileRef = BF99D61E2A67280A001865E7 /* CodableBundleExtension.swift */; };
		BF99D6212A672C18001865E7 /* AnimalListItemView.swift in Sources */ = {isa = PBXBuildFile; fileRef = BF99D6202A672C18001865E7 /* AnimalListItemView.swift */; };
		BF99D6232A6730B7001865E7 /* AnimalModel.swift in Sources */ = {isa = PBXBuildFile; fileRef = BF99D6222A6730B7001865E7 /* AnimalModel.swift */; };
		BF99D6252A673321001865E7 /* AnimalDetailView.swift in Sources */ = {isa = PBXBuildFile; fileRef = BF99D6242A673321001865E7 /* AnimalDetailView.swift */; };
		BF99D6272A6734D4001865E7 /* HeadingView.swift in Sources */ = {isa = PBXBuildFile; fileRef = BF99D6262A6734D4001865E7 /* HeadingView.swift */; };
		BF99D6292A6735CD001865E7 /* InsetGalleryView.swift in Sources */ = {isa = PBXBuildFile; fileRef = BF99D6282A6735CD001865E7 /* InsetGalleryView.swift */; };
		BF99D62B2A6860D4001865E7 /* InsetFactView.swift in Sources */ = {isa = PBXBuildFile; fileRef = BF99D62A2A6860D4001865E7 /* InsetFactView.swift */; };
		BF99D62D2A6862CC001865E7 /* InsetMapView.swift in Sources */ = {isa = PBXBuildFile; fileRef = BF99D62C2A6862CC001865E7 /* InsetMapView.swift */; };
		BF99D62F2A68653E001865E7 /* ExternalWeblinkView.swift in Sources */ = {isa = PBXBuildFile; fileRef = BF99D62E2A68653E001865E7 /* ExternalWeblinkView.swift */; };
		BF99D6312A687E10001865E7 /* VideoModel.swift in Sources */ = {isa = PBXBuildFile; fileRef = BF99D6302A687E10001865E7 /* VideoModel.swift */; };
		BF99D6332A687EB8001865E7 /* VideoListItemView.swift in Sources */ = {isa = PBXBuildFile; fileRef = BF99D6322A687EB8001865E7 /* VideoListItemView.swift */; };
		BF99D6352A689C5A001865E7 /* VideoPlayerView.swift in Sources */ = {isa = PBXBuildFile; fileRef = BF99D6342A689C5A001865E7 /* VideoPlayerView.swift */; };
		BF99D6382A689D43001865E7 /* VideoPlayerHelper.swift in Sources */ = {isa = PBXBuildFile; fileRef = BF99D6372A689D43001865E7 /* VideoPlayerHelper.swift */; };
		BF99D63A2A68BEBA001865E7 /* LocationModel.swift in Sources */ = {isa = PBXBuildFile; fileRef = BF99D6392A68BEBA001865E7 /* LocationModel.swift */; };
		BF99D63C2A68C243001865E7 /* MapAnnotationView.swift in Sources */ = {isa = PBXBuildFile; fileRef = BF99D63B2A68C243001865E7 /* MapAnnotationView.swift */; };
/* End PBXBuildFile section */

/* Begin PBXFileReference section */
		BF99D5DD2A671EEE001865E7 /* Africa.app */ = {isa = PBXFileReference; explicitFileType = wrapper.application; includeInIndex = 0; path = Africa.app; sourceTree = BUILT_PRODUCTS_DIR; };
		BF99D5E02A671EEE001865E7 /* AfricaApp.swift */ = {isa = PBXFileReference; lastKnownFileType = sourcecode.swift; path = AfricaApp.swift; sourceTree = "<group>"; };
		BF99D5E22A671EEE001865E7 /* ContentView.swift */ = {isa = PBXFileReference; lastKnownFileType = sourcecode.swift; path = ContentView.swift; sourceTree = "<group>"; };
		BF99D5E42A671EF0001865E7 /* Assets.xcassets */ = {isa = PBXFileReference; lastKnownFileType = folder.assetcatalog; path = Assets.xcassets; sourceTree = "<group>"; };
		BF99D5E72A671EF0001865E7 /* Preview Assets.xcassets */ = {isa = PBXFileReference; lastKnownFileType = folder.assetcatalog; path = "Preview Assets.xcassets"; sourceTree = "<group>"; };
		BF99D5EF2A6720A3001865E7 /* giraffe.mp4 */ = {isa = PBXFileReference; lastKnownFileType = file; path = giraffe.mp4; sourceTree = "<group>"; };
		BF99D5F02A6720A3001865E7 /* gorilla.mp4 */ = {isa = PBXFileReference; lastKnownFileType = file; path = gorilla.mp4; sourceTree = "<group>"; };
		BF99D5F12A6720A3001865E7 /* lion.mp4 */ = {isa = PBXFileReference; lastKnownFileType = file; path = lion.mp4; sourceTree = "<group>"; };
		BF99D5F22A6720A3001865E7 /* lioness.mp4 */ = {isa = PBXFileReference; lastKnownFileType = file; path = lioness.mp4; sourceTree = "<group>"; };
		BF99D5F32A6720A3001865E7 /* rhino.mp4 */ = {isa = PBXFileReference; lastKnownFileType = file; path = rhino.mp4; sourceTree = "<group>"; };
		BF99D5F42A6720A3001865E7 /* ostrich.mp4 */ = {isa = PBXFileReference; lastKnownFileType = file; path = ostrich.mp4; sourceTree = "<group>"; };
		BF99D5F52A6720A3001865E7 /* zebra.mp4 */ = {isa = PBXFileReference; lastKnownFileType = file; path = zebra.mp4; sourceTree = "<group>"; };
		BF99D5F62A6720A3001865E7 /* hippo.mp4 */ = {isa = PBXFileReference; lastKnownFileType = file; path = hippo.mp4; sourceTree = "<group>"; };
		BF99D5F72A6720A3001865E7 /* elephant.mp4 */ = {isa = PBXFileReference; lastKnownFileType = file; path = elephant.mp4; sourceTree = "<group>"; };
		BF99D5F82A6720A3001865E7 /* cheetah.mp4 */ = {isa = PBXFileReference; lastKnownFileType = file; path = cheetah.mp4; sourceTree = "<group>"; };
		BF99D6042A6720E9001865E7 /* animals.json */ = {isa = PBXFileReference; fileEncoding = 4; lastKnownFileType = text.json; path = animals.json; sourceTree = "<group>"; };
		BF99D6052A6720E9001865E7 /* covers.json */ = {isa = PBXFileReference; fileEncoding = 4; lastKnownFileType = text.json; path = covers.json; sourceTree = "<group>"; };
		BF99D6062A6720E9001865E7 /* locations.json */ = {isa = PBXFileReference; fileEncoding = 4; lastKnownFileType = text.json; path = locations.json; sourceTree = "<group>"; };
		BF99D6072A6720E9001865E7 /* videos.json */ = {isa = PBXFileReference; fileEncoding = 4; lastKnownFileType = text.json; path = videos.json; sourceTree = "<group>"; };
		BF99D60C2A6721C9001865E7 /* Info.plist */ = {isa = PBXFileReference; lastKnownFileType = text.plist; path = Info.plist; sourceTree = "<group>"; };
		BF99D60F2A6722C3001865E7 /* VideoListView.swift */ = {isa = PBXFileReference; lastKnownFileType = sourcecode.swift; path = VideoListView.swift; sourceTree = "<group>"; };
		BF99D6112A6722DB001865E7 /* MapView.swift */ = {isa = PBXFileReference; lastKnownFileType = sourcecode.swift; path = MapView.swift; sourceTree = "<group>"; };
		BF99D6132A6722F4001865E7 /* GalleryView.swift */ = {isa = PBXFileReference; lastKnownFileType = sourcecode.swift; path = GalleryView.swift; sourceTree = "<group>"; };
		BF99D6152A672300001865E7 /* MainView.swift */ = {isa = PBXFileReference; lastKnownFileType = sourcecode.swift; path = MainView.swift; sourceTree = "<group>"; };
		BF99D6182A672556001865E7 /* CoverImageView.swift */ = {isa = PBXFileReference; lastKnownFileType = sourcecode.swift; path = CoverImageView.swift; sourceTree = "<group>"; };
		BF99D61B2A6726E8001865E7 /* CoverImageModel.swift */ = {isa = PBXFileReference; lastKnownFileType = sourcecode.swift; path = CoverImageModel.swift; sourceTree = "<group>"; };
		BF99D61E2A67280A001865E7 /* CodableBundleExtension.swift */ = {isa = PBXFileReference; lastKnownFileType = sourcecode.swift; path = CodableBundleExtension.swift; sourceTree = "<group>"; };
		BF99D6202A672C18001865E7 /* AnimalListItemView.swift */ = {isa = PBXFileReference; lastKnownFileType = sourcecode.swift; path = AnimalListItemView.swift; sourceTree = "<group>"; };
		BF99D6222A6730B7001865E7 /* AnimalModel.swift */ = {isa = PBXFileReference; lastKnownFileType = sourcecode.swift; path = AnimalModel.swift; sourceTree = "<group>"; };
		BF99D6242A673321001865E7 /* AnimalDetailView.swift */ = {isa = PBXFileReference; lastKnownFileType = sourcecode.swift; path = AnimalDetailView.swift; sourceTree = "<group>"; };
		BF99D6262A6734D4001865E7 /* HeadingView.swift */ = {isa = PBXFileReference; lastKnownFileType = sourcecode.swift; path = HeadingView.swift; sourceTree = "<group>"; };
		BF99D6282A6735CD001865E7 /* InsetGalleryView.swift */ = {isa = PBXFileReference; lastKnownFileType = sourcecode.swift; path = InsetGalleryView.swift; sourceTree = "<group>"; };
		BF99D62A2A6860D4001865E7 /* InsetFactView.swift */ = {isa = PBXFileReference; lastKnownFileType = sourcecode.swift; path = InsetFactView.swift; sourceTree = "<group>"; };
		BF99D62C2A6862CC001865E7 /* InsetMapView.swift */ = {isa = PBXFileReference; lastKnownFileType = sourcecode.swift; path = InsetMapView.swift; sourceTree = "<group>"; };
		BF99D62E2A68653E001865E7 /* ExternalWeblinkView.swift */ = {isa = PBXFileReference; lastKnownFileType = sourcecode.swift; path = ExternalWeblinkView.swift; sourceTree = "<group>"; };
		BF99D6302A687E10001865E7 /* VideoModel.swift */ = {isa = PBXFileReference; lastKnownFileType = sourcecode.swift; path = VideoModel.swift; sourceTree = "<group>"; };
		BF99D6322A687EB8001865E7 /* VideoListItemView.swift */ = {isa = PBXFileReference; lastKnownFileType = sourcecode.swift; path = VideoListItemView.swift; sourceTree = "<group>"; };
		BF99D6342A689C5A001865E7 /* VideoPlayerView.swift */ = {isa = PBXFileReference; lastKnownFileType = sourcecode.swift; path = VideoPlayerView.swift; sourceTree = "<group>"; };
		BF99D6372A689D43001865E7 /* VideoPlayerHelper.swift */ = {isa = PBXFileReference; lastKnownFileType = sourcecode.swift; path = VideoPlayerHelper.swift; sourceTree = "<group>"; };
		BF99D6392A68BEBA001865E7 /* LocationModel.swift */ = {isa = PBXFileReference; lastKnownFileType = sourcecode.swift; path = LocationModel.swift; sourceTree = "<group>"; };
		BF99D63B2A68C243001865E7 /* MapAnnotationView.swift */ = {isa = PBXFileReference; lastKnownFileType = sourcecode.swift; path = MapAnnotationView.swift; sourceTree = "<group>"; };
/* End PBXFileReference section */

/* Begin PBXFrameworksBuildPhase section */
		BF99D5DA2A671EEE001865E7 /* Frameworks */ = {
			isa = PBXFrameworksBuildPhase;
			buildActionMask = 2147483647;
			files = (
			);
			runOnlyForDeploymentPostprocessing = 0;
		};
/* End PBXFrameworksBuildPhase section */

/* Begin PBXGroup section */
		BF99D5D42A671EEE001865E7 = {
			isa = PBXGroup;
			children = (
				BF99D5DF2A671EEE001865E7 /* Africa */,
				BF99D5DE2A671EEE001865E7 /* Products */,
			);
			sourceTree = "<group>";
		};
		BF99D5DE2A671EEE001865E7 /* Products */ = {
			isa = PBXGroup;
			children = (
				BF99D5DD2A671EEE001865E7 /* Africa.app */,
			);
			name = Products;
			sourceTree = "<group>";
		};
		BF99D5DF2A671EEE001865E7 /* Africa */ = {
			isa = PBXGroup;
			children = (
				BF99D6362A689D2B001865E7 /* Helper */,
				BF99D61D2A6727FB001865E7 /* Extension */,
				BF99D61A2A6726D7001865E7 /* Model */,
				BF99D6172A672544001865E7 /* View */,
				BF99D60C2A6721C9001865E7 /* Info.plist */,
				BF99D6032A6720CC001865E7 /* Data */,
				BF99D5EE2A672078001865E7 /* Video */,
				BF99D60D2A672267001865E7 /* App */,
				BF99D5E42A671EF0001865E7 /* Assets.xcassets */,
				BF99D5E62A671EF0001865E7 /* Preview Content */,
			);
			path = Africa;
			sourceTree = "<group>";
		};
		BF99D5E62A671EF0001865E7 /* Preview Content */ = {
			isa = PBXGroup;
			children = (
				BF99D5E72A671EF0001865E7 /* Preview Assets.xcassets */,
			);
			path = "Preview Content";
			sourceTree = "<group>";
		};
		BF99D5EE2A672078001865E7 /* Video */ = {
			isa = PBXGroup;
			children = (
				BF99D5F82A6720A3001865E7 /* cheetah.mp4 */,
				BF99D5F72A6720A3001865E7 /* elephant.mp4 */,
				BF99D5EF2A6720A3001865E7 /* giraffe.mp4 */,
				BF99D5F02A6720A3001865E7 /* gorilla.mp4 */,
				BF99D5F62A6720A3001865E7 /* hippo.mp4 */,
				BF99D5F12A6720A3001865E7 /* lion.mp4 */,
				BF99D5F22A6720A3001865E7 /* lioness.mp4 */,
				BF99D5F42A6720A3001865E7 /* ostrich.mp4 */,
				BF99D5F32A6720A3001865E7 /* rhino.mp4 */,
				BF99D5F52A6720A3001865E7 /* zebra.mp4 */,
			);
			path = Video;
			sourceTree = "<group>";
		};
		BF99D6032A6720CC001865E7 /* Data */ = {
			isa = PBXGroup;
			children = (
				BF99D6042A6720E9001865E7 /* animals.json */,
				BF99D6052A6720E9001865E7 /* covers.json */,
				BF99D6062A6720E9001865E7 /* locations.json */,
				BF99D6072A6720E9001865E7 /* videos.json */,
			);
			path = Data;
			sourceTree = "<group>";
		};
		BF99D60D2A672267001865E7 /* App */ = {
			isa = PBXGroup;
			children = (
				BF99D5E02A671EEE001865E7 /* AfricaApp.swift */,
				BF99D5E22A671EEE001865E7 /* ContentView.swift */,
				BF99D60F2A6722C3001865E7 /* VideoListView.swift */,
				BF99D6112A6722DB001865E7 /* MapView.swift */,
				BF99D6132A6722F4001865E7 /* GalleryView.swift */,
				BF99D6152A672300001865E7 /* MainView.swift */,
			);
			path = App;
			sourceTree = "<group>";
		};
		BF99D6172A672544001865E7 /* View */ = {
			isa = PBXGroup;
			children = (
				BF99D6182A672556001865E7 /* CoverImageView.swift */,
				BF99D6202A672C18001865E7 /* AnimalListItemView.swift */,
				BF99D6242A673321001865E7 /* AnimalDetailView.swift */,
				BF99D6262A6734D4001865E7 /* HeadingView.swift */,
				BF99D6282A6735CD001865E7 /* InsetGalleryView.swift */,
				BF99D62A2A6860D4001865E7 /* InsetFactView.swift */,
				BF99D62C2A6862CC001865E7 /* InsetMapView.swift */,
				BF99D62E2A68653E001865E7 /* ExternalWeblinkView.swift */,
				BF99D6322A687EB8001865E7 /* VideoListItemView.swift */,
				BF99D6342A689C5A001865E7 /* VideoPlayerView.swift */,
				BF99D63B2A68C243001865E7 /* MapAnnotationView.swift */,
			);
			path = View;
			sourceTree = "<group>";
		};
		BF99D61A2A6726D7001865E7 /* Model */ = {
			isa = PBXGroup;
			children = (
				BF99D61B2A6726E8001865E7 /* CoverImageModel.swift */,
				BF99D6222A6730B7001865E7 /* AnimalModel.swift */,
				BF99D6302A687E10001865E7 /* VideoModel.swift */,
				BF99D6392A68BEBA001865E7 /* LocationModel.swift */,
			);
			path = Model;
			sourceTree = "<group>";
		};
		BF99D61D2A6727FB001865E7 /* Extension */ = {
			isa = PBXGroup;
			children = (
				BF99D61E2A67280A001865E7 /* CodableBundleExtension.swift */,
			);
			path = Extension;
			sourceTree = "<group>";
		};
		BF99D6362A689D2B001865E7 /* Helper */ = {
			isa = PBXGroup;
			children = (
				BF99D6372A689D43001865E7 /* VideoPlayerHelper.swift */,
			);
			path = Helper;
			sourceTree = "<group>";
		};
/* End PBXGroup section */

/* Begin PBXNativeTarget section */
		BF99D5DC2A671EEE001865E7 /* Africa */ = {
			isa = PBXNativeTarget;
			buildConfigurationList = BF99D5EB2A671EF0001865E7 /* Build configuration list for PBXNativeTarget "Africa" */;
			buildPhases = (
				BF99D5D92A671EEE001865E7 /* Sources */,
				BF99D5DA2A671EEE001865E7 /* Frameworks */,
				BF99D5DB2A671EEE001865E7 /* Resources */,
			);
			buildRules = (
			);
			dependencies = (
			);
			name = Africa;
			productName = Africa;
			productReference = BF99D5DD2A671EEE001865E7 /* Africa.app */;
			productType = "com.apple.product-type.application";
		};
/* End PBXNativeTarget section */

/* Begin PBXProject section */
		BF99D5D52A671EEE001865E7 /* Project object */ = {
			isa = PBXProject;
			attributes = {
				BuildIndependentTargetsInParallel = 1;
				LastSwiftUpdateCheck = 1420;
				LastUpgradeCheck = 1420;
				TargetAttributes = {
					BF99D5DC2A671EEE001865E7 = {
						CreatedOnToolsVersion = 14.2;
					};
				};
			};
			buildConfigurationList = BF99D5D82A671EEE001865E7 /* Build configuration list for PBXProject "Africa" */;
			compatibilityVersion = "Xcode 14.0";
			developmentRegion = en;
			hasScannedForEncodings = 0;
			knownRegions = (
				en,
				Base,
			);
			mainGroup = BF99D5D42A671EEE001865E7;
			productRefGroup = BF99D5DE2A671EEE001865E7 /* Products */;
			projectDirPath = "";
			projectRoot = "";
			targets = (
				BF99D5DC2A671EEE001865E7 /* Africa */,
			);
		};
/* End PBXProject section */

/* Begin PBXResourcesBuildPhase section */
		BF99D5DB2A671EEE001865E7 /* Resources */ = {
			isa = PBXResourcesBuildPhase;
			buildActionMask = 2147483647;
			files = (
				BF99D6002A6720A3001865E7 /* hippo.mp4 in Resources */,
				BF99D5FA2A6720A3001865E7 /* gorilla.mp4 in Resources */,
				BF99D5E82A671EF0001865E7 /* Preview Assets.xcassets in Resources */,
				BF99D5E52A671EF0001865E7 /* Assets.xcassets in Resources */,
				BF99D5FB2A6720A3001865E7 /* lion.mp4 in Resources */,
				BF99D5FD2A6720A3001865E7 /* rhino.mp4 in Resources */,
				BF99D5F92A6720A3001865E7 /* giraffe.mp4 in Resources */,
				BF99D60A2A6720E9001865E7 /* locations.json in Resources */,
				BF99D6092A6720E9001865E7 /* covers.json in Resources */,
				BF99D6082A6720E9001865E7 /* animals.json in Resources */,
				BF99D5FE2A6720A3001865E7 /* ostrich.mp4 in Resources */,
				BF99D6022A6720A3001865E7 /* cheetah.mp4 in Resources */,
				BF99D5FF2A6720A3001865E7 /* zebra.mp4 in Resources */,
				BF99D60B2A6720E9001865E7 /* videos.json in Resources */,
				BF99D5FC2A6720A3001865E7 /* lioness.mp4 in Resources */,
				BF99D6012A6720A3001865E7 /* elephant.mp4 in Resources */,
			);
			runOnlyForDeploymentPostprocessing = 0;
		};
/* End PBXResourcesBuildPhase section */

/* Begin PBXSourcesBuildPhase section */
		BF99D5D92A671EEE001865E7 /* Sources */ = {
			isa = PBXSourcesBuildPhase;
			buildActionMask = 2147483647;
			files = (
				BF99D62F2A68653E001865E7 /* ExternalWeblinkView.swift in Sources */,
				BF99D5E32A671EEE001865E7 /* ContentView.swift in Sources */,
				BF99D6212A672C18001865E7 /* AnimalListItemView.swift in Sources */,
				BF99D6162A672300001865E7 /* MainView.swift in Sources */,
				BF99D62B2A6860D4001865E7 /* InsetFactView.swift in Sources */,
				BF99D6192A672556001865E7 /* CoverImageView.swift in Sources */,
				BF99D61C2A6726E8001865E7 /* CoverImageModel.swift in Sources */,
				BF99D6252A673321001865E7 /* AnimalDetailView.swift in Sources */,
				BF99D6232A6730B7001865E7 /* AnimalModel.swift in Sources */,
				BF99D6122A6722DB001865E7 /* MapView.swift in Sources */,
				BF99D6382A689D43001865E7 /* VideoPlayerHelper.swift in Sources */,
				BF99D62D2A6862CC001865E7 /* InsetMapView.swift in Sources */,
				BF99D5E12A671EEE001865E7 /* AfricaApp.swift in Sources */,
				BF99D63C2A68C243001865E7 /* MapAnnotationView.swift in Sources */,
				BF99D6102A6722C3001865E7 /* VideoListView.swift in Sources */,
				BF99D6312A687E10001865E7 /* VideoModel.swift in Sources */,
				BF99D6142A6722F4001865E7 /* GalleryView.swift in Sources */,
				BF99D63A2A68BEBA001865E7 /* LocationModel.swift in Sources */,
				BF99D6292A6735CD001865E7 /* InsetGalleryView.swift in Sources */,
				BF99D6332A687EB8001865E7 /* VideoListItemView.swift in Sources */,
				BF99D61F2A67280A001865E7 /* CodableBundleExtension.swift in Sources */,
				BF99D6272A6734D4001865E7 /* HeadingView.swift in Sources */,
				BF99D6352A689C5A001865E7 /* VideoPlayerView.swift in Sources */,
			);
			runOnlyForDeploymentPostprocessing = 0;
		};
/* End PBXSourcesBuildPhase section */

/* Begin XCBuildConfiguration section */
		BF99D5E92A671EF0001865E7 /* Debug */ = {
			isa = XCBuildConfiguration;
			buildSettings = {
				ALWAYS_SEARCH_USER_PATHS = NO;
				CLANG_ANALYZER_NONNULL = YES;
				CLANG_ANALYZER_NUMBER_OBJECT_CONVERSION = YES_AGGRESSIVE;
				CLANG_CXX_LANGUAGE_STANDARD = "gnu++20";
				CLANG_ENABLE_MODULES = YES;
				CLANG_ENABLE_OBJC_ARC = YES;
				CLANG_ENABLE_OBJC_WEAK = YES;
				CLANG_WARN_BLOCK_CAPTURE_AUTORELEASING = YES;
				CLANG_WARN_BOOL_CONVERSION = YES;
				CLANG_WARN_COMMA = YES;
				CLANG_WARN_CONSTANT_CONVERSION = YES;
				CLANG_WARN_DEPRECATED_OBJC_IMPLEMENTATIONS = YES;
				CLANG_WARN_DIRECT_OBJC_ISA_USAGE = YES_ERROR;
				CLANG_WARN_DOCUMENTATION_COMMENTS = YES;
				CLANG_WARN_EMPTY_BODY = YES;
				CLANG_WARN_ENUM_CONVERSION = YES;
				CLANG_WARN_INFINITE_RECURSION = YES;
				CLANG_WARN_INT_CONVERSION = YES;
				CLANG_WARN_NON_LITERAL_NULL_CONVERSION = YES;
				CLANG_WARN_OBJC_IMPLICIT_RETAIN_SELF = YES;
				CLANG_WARN_OBJC_LITERAL_CONVERSION = YES;
				CLANG_WARN_OBJC_ROOT_CLASS = YES_ERROR;
				CLANG_WARN_QUOTED_INCLUDE_IN_FRAMEWORK_HEADER = YES;
				CLANG_WARN_RANGE_LOOP_ANALYSIS = YES;
				CLANG_WARN_STRICT_PROTOTYPES = YES;
				CLANG_WARN_SUSPICIOUS_MOVE = YES;
				CLANG_WARN_UNGUARDED_AVAILABILITY = YES_AGGRESSIVE;
				CLANG_WARN_UNREACHABLE_CODE = YES;
				CLANG_WARN__DUPLICATE_METHOD_MATCH = YES;
				COPY_PHASE_STRIP = NO;
				DEBUG_INFORMATION_FORMAT = dwarf;
				ENABLE_STRICT_OBJC_MSGSEND = YES;
				ENABLE_TESTABILITY = YES;
				GCC_C_LANGUAGE_STANDARD = gnu11;
				GCC_DYNAMIC_NO_PIC = NO;
				GCC_NO_COMMON_BLOCKS = YES;
				GCC_OPTIMIZATION_LEVEL = 0;
				GCC_PREPROCESSOR_DEFINITIONS = (
					"DEBUG=1",
					"$(inherited)",
				);
				GCC_WARN_64_TO_32_BIT_CONVERSION = YES;
				GCC_WARN_ABOUT_RETURN_TYPE = YES_ERROR;
				GCC_WARN_UNDECLARED_SELECTOR = YES;
				GCC_WARN_UNINITIALIZED_AUTOS = YES_AGGRESSIVE;
				GCC_WARN_UNUSED_FUNCTION = YES;
				GCC_WARN_UNUSED_VARIABLE = YES;
				IPHONEOS_DEPLOYMENT_TARGET = 16.2;
				MTL_ENABLE_DEBUG_INFO = INCLUDE_SOURCE;
				MTL_FAST_MATH = YES;
				ONLY_ACTIVE_ARCH = YES;
				SDKROOT = iphoneos;
				SWIFT_ACTIVE_COMPILATION_CONDITIONS = DEBUG;
				SWIFT_OPTIMIZATION_LEVEL = "-Onone";
			};
			name = Debug;
		};
		BF99D5EA2A671EF0001865E7 /* Release */ = {
			isa = XCBuildConfiguration;
			buildSettings = {
				ALWAYS_SEARCH_USER_PATHS = NO;
				CLANG_ANALYZER_NONNULL = YES;
				CLANG_ANALYZER_NUMBER_OBJECT_CONVERSION = YES_AGGRESSIVE;
				CLANG_CXX_LANGUAGE_STANDARD = "gnu++20";
				CLANG_ENABLE_MODULES = YES;
				CLANG_ENABLE_OBJC_ARC = YES;
				CLANG_ENABLE_OBJC_WEAK = YES;
				CLANG_WARN_BLOCK_CAPTURE_AUTORELEASING = YES;
				CLANG_WARN_BOOL_CONVERSION = YES;
				CLANG_WARN_COMMA = YES;
				CLANG_WARN_CONSTANT_CONVERSION = YES;
				CLANG_WARN_DEPRECATED_OBJC_IMPLEMENTATIONS = YES;
				CLANG_WARN_DIRECT_OBJC_ISA_USAGE = YES_ERROR;
				CLANG_WARN_DOCUMENTATION_COMMENTS = YES;
				CLANG_WARN_EMPTY_BODY = YES;
				CLANG_WARN_ENUM_CONVERSION = YES;
				CLANG_WARN_INFINITE_RECURSION = YES;
				CLANG_WARN_INT_CONVERSION = YES;
				CLANG_WARN_NON_LITERAL_NULL_CONVERSION = YES;
				CLANG_WARN_OBJC_IMPLICIT_RETAIN_SELF = YES;
				CLANG_WARN_OBJC_LITERAL_CONVERSION = YES;
				CLANG_WARN_OBJC_ROOT_CLASS = YES_ERROR;
				CLANG_WARN_QUOTED_INCLUDE_IN_FRAMEWORK_HEADER = YES;
				CLANG_WARN_RANGE_LOOP_ANALYSIS = YES;
				CLANG_WARN_STRICT_PROTOTYPES = YES;
				CLANG_WARN_SUSPICIOUS_MOVE = YES;
				CLANG_WARN_UNGUARDED_AVAILABILITY = YES_AGGRESSIVE;
				CLANG_WARN_UNREACHABLE_CODE = YES;
				CLANG_WARN__DUPLICATE_METHOD_MATCH = YES;
				COPY_PHASE_STRIP = NO;
				DEBUG_INFORMATION_FORMAT = "dwarf-with-dsym";
				ENABLE_NS_ASSERTIONS = NO;
				ENABLE_STRICT_OBJC_MSGSEND = YES;
				GCC_C_LANGUAGE_STANDARD = gnu11;
				GCC_NO_COMMON_BLOCKS = YES;
				GCC_WARN_64_TO_32_BIT_CONVERSION = YES;
				GCC_WARN_ABOUT_RETURN_TYPE = YES_ERROR;
				GCC_WARN_UNDECLARED_SELECTOR = YES;
				GCC_WARN_UNINITIALIZED_AUTOS = YES_AGGRESSIVE;
				GCC_WARN_UNUSED_FUNCTION = YES;
				GCC_WARN_UNUSED_VARIABLE = YES;
				IPHONEOS_DEPLOYMENT_TARGET = 16.2;
				MTL_ENABLE_DEBUG_INFO = NO;
				MTL_FAST_MATH = YES;
				SDKROOT = iphoneos;
				SWIFT_COMPILATION_MODE = wholemodule;
				SWIFT_OPTIMIZATION_LEVEL = "-O";
				VALIDATE_PRODUCT = YES;
			};
			name = Release;
		};
		BF99D5EC2A671EF0001865E7 /* Debug */ = {
			isa = XCBuildConfiguration;
			buildSettings = {
				ASSETCATALOG_COMPILER_APPICON_NAME = AppIcon;
				ASSETCATALOG_COMPILER_GLOBAL_ACCENT_COLOR_NAME = AccentColor;
				CODE_SIGN_STYLE = Automatic;
				CURRENT_PROJECT_VERSION = 1;
				DEVELOPMENT_ASSET_PATHS = "\"Africa/Preview Content\"";
				DEVELOPMENT_TEAM = NJ3Y4LJ7H6;
				ENABLE_PREVIEWS = YES;
				GENERATE_INFOPLIST_FILE = YES;
				INFOPLIST_FILE = Africa/Info.plist;
				INFOPLIST_KEY_UIApplicationSceneManifest_Generation = YES;
				INFOPLIST_KEY_UIApplicationSupportsIndirectInputEvents = YES;
				INFOPLIST_KEY_UISupportedInterfaceOrientations_iPad = "UIInterfaceOrientationPortrait UIInterfaceOrientationPortraitUpsideDown UIInterfaceOrientationLandscapeLeft UIInterfaceOrientationLandscapeRight";
				INFOPLIST_KEY_UISupportedInterfaceOrientations_iPhone = "UIInterfaceOrientationPortrait UIInterfaceOrientationLandscapeLeft UIInterfaceOrientationLandscapeRight";
				INFOPLIST_KEY_UIUserInterfaceStyle = Dark;
				LD_RUNPATH_SEARCH_PATHS = (
					"$(inherited)",
					"@executable_path/Frameworks",
				);
				MARKETING_VERSION = 1.0;
				PRODUCT_BUNDLE_IDENTIFIER = com.Andrew.Africa;
				PRODUCT_NAME = "$(TARGET_NAME)";
				SWIFT_EMIT_LOC_STRINGS = YES;
				SWIFT_VERSION = 5.0;
				TARGETED_DEVICE_FAMILY = "1,2";
			};
			name = Debug;
		};
		BF99D5ED2A671EF0001865E7 /* Release */ = {
			isa = XCBuildConfiguration;
			buildSettings = {
				ASSETCATALOG_COMPILER_APPICON_NAME = AppIcon;
				ASSETCATALOG_COMPILER_GLOBAL_ACCENT_COLOR_NAME = AccentColor;
				CODE_SIGN_STYLE = Automatic;
				CURRENT_PROJECT_VERSION = 1;
				DEVELOPMENT_ASSET_PATHS = "\"Africa/Preview Content\"";
				DEVELOPMENT_TEAM = NJ3Y4LJ7H6;
				ENABLE_PREVIEWS = YES;
				GENERATE_INFOPLIST_FILE = YES;
				INFOPLIST_FILE = Africa/Info.plist;
				INFOPLIST_KEY_UIApplicationSceneManifest_Generation = YES;
				INFOPLIST_KEY_UIApplicationSupportsIndirectInputEvents = YES;
				INFOPLIST_KEY_UISupportedInterfaceOrientations_iPad = "UIInterfaceOrientationPortrait UIInterfaceOrientationPortraitUpsideDown UIInterfaceOrientationLandscapeLeft UIInterfaceOrientationLandscapeRight";
				INFOPLIST_KEY_UISupportedInterfaceOrientations_iPhone = "UIInterfaceOrientationPortrait UIInterfaceOrientationLandscapeLeft UIInterfaceOrientationLandscapeRight";
				INFOPLIST_KEY_UIUserInterfaceStyle = Dark;
				LD_RUNPATH_SEARCH_PATHS = (
					"$(inherited)",
					"@executable_path/Frameworks",
				);
				MARKETING_VERSION = 1.0;
				PRODUCT_BUNDLE_IDENTIFIER = com.Andrew.Africa;
				PRODUCT_NAME = "$(TARGET_NAME)";
				SWIFT_EMIT_LOC_STRINGS = YES;
				SWIFT_VERSION = 5.0;
				TARGETED_DEVICE_FAMILY = "1,2";
			};
			name = Release;
		};
/* End XCBuildConfiguration section */

/* Begin XCConfigurationList section */
		BF99D5D82A671EEE001865E7 /* Build configuration list for PBXProject "Africa" */ = {
			isa = XCConfigurationList;
			buildConfigurations = (
				BF99D5E92A671EF0001865E7 /* Debug */,
				BF99D5EA2A671EF0001865E7 /* Release */,
			);
			defaultConfigurationIsVisible = 0;
			defaultConfigurationName = Release;
		};
		BF99D5EB2A671EF0001865E7 /* Build configuration list for PBXNativeTarget "Africa" */ = {
			isa = XCConfigurationList;
			buildConfigurations = (
				BF99D5EC2A671EF0001865E7 /* Debug */,
				BF99D5ED2A671EF0001865E7 /* Release */,
			);
			defaultConfigurationIsVisible = 0;
			defaultConfigurationName = Release;
		};
/* End XCConfigurationList section */
	};
	rootObject = BF99D5D52A671EEE001865E7 /* Project object */;
}
